
Microsoft Visual Studio Solution File, Format Version 12.00
# Visual Studio Version 17
VisualStudioVersion = 17.11.35327.3
MinimumVisualStudioVersion = 10.0.40219.1
Project("{FAE04EC0-301F-11D3-BF4B-00C04F79EFBC}") = "ConsoleApp21", "ConsoleApp21\ConsoleApp21.csproj", "{FBF7C347-F816-4C55-A029-773900944DA9}"
EndProject
Global
	GlobalSection(SolutionConfigurationPlatforms) = preSolution
		Debug|Any CPU = Debug|Any CPU
		Release|Any CPU = Release|Any CPU
	EndGlobalSection
	GlobalSection(ProjectConfigurationPlatforms) = postSolution
		{FBF7C347-F816-4C55-A029-773900944DA9}.Debug|Any CPU.ActiveCfg = Debug|Any CPU
		{FBF7C347-F816-4C55-A029-773900944DA9}.Debug|Any CPU.Build.0 = Debug|Any CPU
		{FBF7C347-F816-4C55-A029-773900944DA9}.Release|Any CPU.ActiveCfg = Release|Any CPU
		{FBF7C347-F816-4C55-A029-773900944DA9}.Release|Any CPU.Build.0 = Release|Any CPU
	EndGlobalSection
	GlobalSection(SolutionProperties) = preSolution
		HideSolutionNode = FALSE
	EndGlobalSection
	GlobalSection(ExtensibilityGlobals) = postSolution
		SolutionGuid = {B5A0956B-965E-42EA-B8BA-6C2313CD5645}
	EndGlobalSection
EndGlobal
